
Microsoft Visual Studio Solution File, Format Version 12.00
# Visual Studio Version 17
VisualStudioVersion = 17.8.34330.188
MinimumVisualStudioVersion = 10.0.40219.1
Project("{FAE04EC0-301F-11D3-BF4B-00C04F79EFBC}") = "Otel Otomasyonu", "Otel Otomasyonu\Otel Otomasyonu.csproj", "{C1CC1674-48B2-4826-82BE-AE255F760AB1}"
EndProject
Global
	GlobalSection(SolutionConfigurationPlatforms) = preSolution
		Debug|Any CPU = Debug|Any CPU
		Release|Any CPU = Release|Any CPU
	EndGlobalSection
	GlobalSection(ProjectConfigurationPlatforms) = postSolution
		{C1CC1674-48B2-4826-82BE-AE255F760AB1}.Debug|Any CPU.ActiveCfg = Debug|Any CPU
		{C1CC1674-48B2-4826-82BE-AE255F760AB1}.Debug|Any CPU.Build.0 = Debug|Any CPU
		{C1CC1674-48B2-4826-82BE-AE255F760AB1}.Release|Any CPU.ActiveCfg = Release|Any CPU
		{C1CC1674-48B2-4826-82BE-AE255F760AB1}.Release|Any CPU.Build.0 = Release|Any CPU
	EndGlobalSection
	GlobalSection(SolutionProperties) = preSolution
		HideSolutionNode = FALSE
	EndGlobalSection
	GlobalSection(ExtensibilityGlobals) = postSolution
		SolutionGuid = {AD673791-98CE-43E2-9358-5E206746686E}
	EndGlobalSection
EndGlobal
